PODS:
  - PDFNet (8.1.2.76990)

DEPENDENCIES:
  - PDFNet (from `https://www.pdftron.com/downloads/ios/cocoapods/pdfnet/latest.podspec`)

EXTERNAL SOURCES:
  PDFNet:
    :podspec: https://www.pdftron.com/downloads/ios/cocoapods/pdfnet/latest.podspec

SPEC CHECKSUMS:
  PDFNet: 42280e3d039b3739785c2817c54038a4c5c535e5

PODFILE CHECKSUM: e3f7cc11b8db604c38a1bd2317b139e297dd9fd9

COCOAPODS: 1.10.1
